// !$*UTF8*$!
{
	archiveVersion = 1;
	classes = {
	};
	objectVersion = 77;
	objects = {

/* Begin PBXBuildFile section */
		C4930C4E2CD5A05E00D4A9E5 /* PDFKit.framework in Frameworks */ = {isa = PBXBuildFile; fileRef = C4930C4D2CD5A05E00D4A9E5 /* PDFKit.framework */; };
/* End PBXBuildFile section */

/* Begin PBXContainerItemProxy section */
		C4930BFF2CD54B0500D4A9E5 /* PBXContainerItemProxy */ = {
			isa = PBXContainerItemProxy;
			containerPortal = C4930BE52CD54B0500D4A9E5 /* Project object */;
			proxyType = 1;
			remoteGlobalIDString = C4930BEC2CD54B0500D4A9E5;
			remoteInfo = "Cut List Mac";
		};
		C4930C092CD54B0500D4A9E5 /* PBXContainerItemProxy */ = {
			isa = PBXContainerItemProxy;
			containerPortal = C4930BE52CD54B0500D4A9E5 /* Project object */;
			proxyType = 1;
			remoteGlobalIDString = C4930BEC2CD54B0500D4A9E5;
			remoteInfo = "Cut List Mac";
		};
/* End PBXContainerItemProxy section */

/* Begin PBXFileReference section */
		C4930BED2CD54B0500D4A9E5 /* Cut List Mac.app */ = {isa = PBXFileReference; explicitFileType = wrapper.application; includeInIndex = 0; path = "Cut List Mac.app"; sourceTree = BUILT_PRODUCTS_DIR; };
		C4930BFE2CD54B0500D4A9E5 /* Cut List MacTests.xctest */ = {isa = PBXFileReference; explicitFileType = wrapper.cfbundle; includeInIndex = 0; path = "Cut List MacTests.xctest"; sourceTree = BUILT_PRODUCTS_DIR; };
		C4930C082CD54B0500D4A9E5 /* Cut List MacUITests.xctest */ = {isa = PBXFileReference; explicitFileType = wrapper.cfbundle; includeInIndex = 0; path = "Cut List MacUITests.xctest"; sourceTree = BUILT_PRODUCTS_DIR; };
		C4930C4D2CD5A05E00D4A9E5 /* PDFKit.framework */ = {isa = PBXFileReference; lastKnownFileType = wrapper.framework; name = PDFKit.framework; path = System/Library/Frameworks/PDFKit.framework; sourceTree = SDKROOT; };
/* End PBXFileReference section */

/* Begin PBXFileSystemSynchronizedRootGroup section */
		C4930BEF2CD54B0500D4A9E5 /* Cut List Mac */ = {
			isa = PBXFileSystemSynchronizedRootGroup;
			path = "Cut List Mac";
			sourceTree = "<group>";
		};
		C4930C012CD54B0500D4A9E5 /* Cut List MacTests */ = {
			isa = PBXFileSystemSynchronizedRootGroup;
			path = "Cut List MacTests";
			sourceTree = "<group>";
		};
		C4930C0B2CD54B0500D4A9E5 /* Cut List MacUITests */ = {
			isa = PBXFileSystemSynchronizedRootGroup;
			path = "Cut List MacUITests";
			sourceTree = "<group>";
		};
/* End PBXFileSystemSynchronizedRootGroup section */

/* Begin PBXFrameworksBuildPhase section */
		C4930BEA2CD54B0500D4A9E5 /* Frameworks */ = {
			isa = PBXFrameworksBuildPhase;
			buildActionMask = 2147483647;
			files = (
				C4930C4E2CD5A05E00D4A9E5 /* PDFKit.framework in Frameworks */,
			);
			runOnlyForDeploymentPostprocessing = 0;
		};
		C4930BFB2CD54B0500D4A9E5 /* Frameworks */ = {
			isa = PBXFrameworksBuildPhase;
			buildActionMask = 2147483647;
			files = (
			);
			runOnlyForDeploymentPostprocessing = 0;
		};
		C4930C052CD54B0500D4A9E5 /* Frameworks */ = {
			isa = PBXFrameworksBuildPhase;
			buildActionMask = 2147483647;
			files = (
			);
			runOnlyForDeploymentPostprocessing = 0;
		};
/* End PBXFrameworksBuildPhase section */

/* Begin PBXGroup section */
		C4930BE42CD54B0500D4A9E5 = {
			isa = PBXGroup;
			children = (
				C4930BEF2CD54B0500D4A9E5 /* Cut List Mac */,
				C4930C012CD54B0500D4A9E5 /* Cut List MacTests */,
				C4930C0B2CD54B0500D4A9E5 /* Cut List MacUITests */,
				C4930C4C2CD5A05E00D4A9E5 /* Frameworks */,
				C4930BEE2CD54B0500D4A9E5 /* Products */,
			);
			sourceTree = "<group>";
		};
		C4930BEE2CD54B0500D4A9E5 /* Products */ = {
			isa = PBXGroup;
			children = (
				C4930BED2CD54B0500D4A9E5 /* Cut List Mac.app */,
				C4930BFE2CD54B0500D4A9E5 /* Cut List MacTests.xctest */,
				C4930C082CD54B0500D4A9E5 /* Cut List MacUITests.xctest */,
			);
			name = Products;
			sourceTree = "<group>";
		};
		C4930C4C2CD5A05E00D4A9E5 /* Frameworks */ = {
			isa = PBXGroup;
			children = (
				C4930C4D2CD5A05E00D4A9E5 /* PDFKit.framework */,
			);
			name = Frameworks;
			sourceTree = "<group>";
		};
/* End PBXGroup section */

/* Begin PBXNativeTarget section */
		C4930BEC2CD54B0500D4A9E5 /* Cut List Mac */ = {
			isa = PBXNativeTarget;
			buildConfigurationList = C4930C122CD54B0500D4A9E5 /* Build configuration list for PBXNativeTarget "Cut List Mac" */;
			buildPhases = (
				C4930BE92CD54B0500D4A9E5 /* Sources */,
				C4930BEA2CD54B0500D4A9E5 /* Frameworks */,
				C4930BEB2CD54B0500D4A9E5 /* Resources */,
			);
			buildRules = (
			);
			dependencies = (
			);
			fileSystemSynchronizedGroups = (
				C4930BEF2CD54B0500D4A9E5 /* Cut List Mac */,
			);
			name = "Cut List Mac";
			packageProductDependencies = (
			);
			productName = "Cut List Mac";
			productReference = C4930BED2CD54B0500D4A9E5 /* Cut List Mac.app */;
			productType = "com.apple.product-type.application";
		};
		C4930BFD2CD54B0500D4A9E5 /* Cut List MacTests */ = {
			isa = PBXNativeTarget;
			buildConfigurationList = C4930C152CD54B0500D4A9E5 /* Build configuration list for PBXNativeTarget "Cut List MacTests" */;
			buildPhases = (
				C4930BFA2CD54B0500D4A9E5 /* Sources */,
				C4930BFB2CD54B0500D4A9E5 /* Frameworks */,
				C4930BFC2CD54B0500D4A9E5 /* Resources */,
			);
			buildRules = (
			);
			dependencies = (
				C4930C002CD54B0500D4A9E5 /* PBXTargetDependency */,
			);
			fileSystemSynchronizedGroups = (
				C4930C012CD54B0500D4A9E5 /* Cut List MacTests */,
			);
			name = "Cut List MacTests";
			packageProductDependencies = (
			);
			productName = "Cut List MacTests";
			productReference = C4930BFE2CD54B0500D4A9E5 /* Cut List MacTests.xctest */;
			productType = "com.apple.product-type.bundle.unit-test";
		};
		C4930C072CD54B0500D4A9E5 /* Cut List MacUITests */ = {
			isa = PBXNativeTarget;
			buildConfigurationList = C4930C182CD54B0500D4A9E5 /* Build configuration list for PBXNativeTarget "Cut List MacUITests" */;
			buildPhases = (
				C4930C042CD54B0500D4A9E5 /* Sources */,
				C4930C052CD54B0500D4A9E5 /* Frameworks */,
				C4930C062CD54B0500D4A9E5 /* Resources */,
			);
			buildRules = (
			);
			dependencies = (
				C4930C0A2CD54B0500D4A9E5 /* PBXTargetDependency */,
			);
			fileSystemSynchronizedGroups = (
				C4930C0B2CD54B0500D4A9E5 /* Cut List MacUITests */,
			);
			name = "Cut List MacUITests";
			packageProductDependencies = (
			);
			productName = "Cut List MacUITests";
			productReference = C4930C082CD54B0500D4A9E5 /* Cut List MacUITests.xctest */;
			productType = "com.apple.product-type.bundle.ui-testing";
		};
/* End PBXNativeTarget section */

/* Begin PBXProject section */
		C4930BE52CD54B0500D4A9E5 /* Project object */ = {
			isa = PBXProject;
			attributes = {
				BuildIndependentTargetsInParallel = 1;
				LastSwiftUpdateCheck = 1610;
				LastUpgradeCheck = 1610;
				TargetAttributes = {
					C4930BEC2CD54B0500D4A9E5 = {
						CreatedOnToolsVersion = 16.1;
					};
					C4930BFD2CD54B0500D4A9E5 = {
						CreatedOnToolsVersion = 16.1;
						TestTargetID = C4930BEC2CD54B0500D4A9E5;
					};
					C4930C072CD54B0500D4A9E5 = {
						CreatedOnToolsVersion = 16.1;
						TestTargetID = C4930BEC2CD54B0500D4A9E5;
					};
				};
			};
			buildConfigurationList = C4930BE82CD54B0500D4A9E5 /* Build configuration list for PBXProject "Cut List Mac" */;
			developmentRegion = en;
			hasScannedForEncodings = 0;
			knownRegions = (
				en,
				Base,
			);
			mainGroup = C4930BE42CD54B0500D4A9E5;
			minimizedProjectReferenceProxies = 1;
			preferredProjectObjectVersion = 77;
			productRefGroup = C4930BEE2CD54B0500D4A9E5 /* Products */;
			projectDirPath = "";
			projectRoot = "";
			targets = (
				C4930BEC2CD54B0500D4A9E5 /* Cut List Mac */,
				C4930BFD2CD54B0500D4A9E5 /* Cut List MacTests */,
				C4930C072CD54B0500D4A9E5 /* Cut List MacUITests */,
			);
		};
/* End PBXProject section */

/* Begin PBXResourcesBuildPhase section */
		C4930BEB2CD54B0500D4A9E5 /* Resources */ = {
			isa = PBXResourcesBuildPhase;
			buildActionMask = 2147483647;
			files = (
			);
			runOnlyForDeploymentPostprocessing = 0;
		};
		C4930BFC2CD54B0500D4A9E5 /* Resources */ = {
			isa = PBXResourcesBuildPhase;
			buildActionMask = 2147483647;
			files = (
			);
			runOnlyForDeploymentPostprocessing = 0;
		};
		C4930C062CD54B0500D4A9E5 /* Resources */ = {
			isa = PBXResourcesBuildPhase;
			buildActionMask = 2147483647;
			files = (
			);
			runOnlyForDeploymentPostprocessing = 0;
		};
/* End PBXResourcesBuildPhase section */

/* Begin PBXSourcesBuildPhase section */
		C4930BE92CD54B0500D4A9E5 /* Sources */ = {
			isa = PBXSourcesBuildPhase;
			buildActionMask = 2147483647;
			files = (
			);
			runOnlyForDeploymentPostprocessing = 0;
		};
		C4930BFA2CD54B0500D4A9E5 /* Sources */ = {
			isa = PBXSourcesBuildPhase;
			buildActionMask = 2147483647;
			files = (
			);
			runOnlyForDeploymentPostprocessing = 0;
		};
		C4930C042CD54B0500D4A9E5 /* Sources */ = {
			isa = PBXSourcesBuildPhase;
			buildActionMask = 2147483647;
			files = (
			);
			runOnlyForDeploymentPostprocessing = 0;
		};
/* End PBXSourcesBuildPhase section */

/* Begin PBXTargetDependency section */
		C4930C002CD54B0500D4A9E5 /* PBXTargetDependency */ = {
			isa = PBXTargetDependency;
			target = C4930BEC2CD54B0500D4A9E5 /* Cut List Mac */;
			targetProxy = C4930BFF2CD54B0500D4A9E5 /* PBXContainerItemProxy */;
		};
		C4930C0A2CD54B0500D4A9E5 /* PBXTargetDependency */ = {
			isa = PBXTargetDependency;
			target = C4930BEC2CD54B0500D4A9E5 /* Cut List Mac */;
			targetProxy = C4930C092CD54B0500D4A9E5 /* PBXContainerItemProxy */;
		};
/* End PBXTargetDependency section */

/* Begin XCBuildConfiguration section */
		C4930C102CD54B0500D4A9E5 /* Debug */ = {
			isa = XCBuildConfiguration;
			buildSettings = {
				ALWAYS_SEARCH_USER_PATHS = NO;
				ASSETCATALOG_COMPILER_GENERATE_SWIFT_ASSET_SYMBOL_EXTENSIONS = YES;
				CLANG_ANALYZER_NONNULL = YES;
				CLANG_ANALYZER_NUMBER_OBJECT_CONVERSION = YES_AGGRESSIVE;
				CLANG_CXX_LANGUAGE_STANDARD = "gnu++20";
				CLANG_ENABLE_MODULES = YES;
				CLANG_ENABLE_OBJC_ARC = YES;
				CLANG_ENABLE_OBJC_WEAK = YES;
				CLANG_WARN_BLOCK_CAPTURE_AUTORELEASING = YES;
				CLANG_WARN_BOOL_CONVERSION = YES;
				CLANG_WARN_COMMA = YES;
				CLANG_WARN_CONSTANT_CONVERSION = YES;
				CLANG_WARN_DEPRECATED_OBJC_IMPLEMENTATIONS = YES;
				CLANG_WARN_DIRECT_OBJC_ISA_USAGE = YES_ERROR;
				CLANG_WARN_DOCUMENTATION_COMMENTS = YES;
				CLANG_WARN_EMPTY_BODY = YES;
				CLANG_WARN_ENUM_CONVERSION = YES;
				CLANG_WARN_INFINITE_RECURSION = YES;
				CLANG_WARN_INT_CONVERSION = YES;
				CLANG_WARN_NON_LITERAL_NULL_CONVERSION = YES;
				CLANG_WARN_OBJC_IMPLICIT_RETAIN_SELF = YES;
				CLANG_WARN_OBJC_LITERAL_CONVERSION = YES;
				CLANG_WARN_OBJC_ROOT_CLASS = YES_ERROR;
				CLANG_WARN_QUOTED_INCLUDE_IN_FRAMEWORK_HEADER = YES;
				CLANG_WARN_RANGE_LOOP_ANALYSIS = YES;
				CLANG_WARN_STRICT_PROTOTYPES = YES;
				CLANG_WARN_SUSPICIOUS_MOVE = YES;
				CLANG_WARN_UNGUARDED_AVAILABILITY = YES_AGGRESSIVE;
				CLANG_WARN_UNREACHABLE_CODE = YES;
				CLANG_WARN__DUPLICATE_METHOD_MATCH = YES;
				COPY_PHASE_STRIP = NO;
				DEBUG_INFORMATION_FORMAT = dwarf;
				ENABLE_STRICT_OBJC_MSGSEND = YES;
				ENABLE_TESTABILITY = YES;
				ENABLE_USER_SCRIPT_SANDBOXING = YES;
				GCC_C_LANGUAGE_STANDARD = gnu17;
				GCC_DYNAMIC_NO_PIC = NO;
				GCC_NO_COMMON_BLOCKS = YES;
				GCC_OPTIMIZATION_LEVEL = 0;
				GCC_PREPROCESSOR_DEFINITIONS = (
					"DEBUG=1",
					"$(inherited)",
				);
				GCC_WARN_64_TO_32_BIT_CONVERSION = YES;
				GCC_WARN_ABOUT_RETURN_TYPE = YES_ERROR;
				GCC_WARN_UNDECLARED_SELECTOR = YES;
				GCC_WARN_UNINITIALIZED_AUTOS = YES_AGGRESSIVE;
				GCC_WARN_UNUSED_FUNCTION = YES;
				GCC_WARN_UNUSED_VARIABLE = YES;
				LOCALIZATION_PREFERS_STRING_CATALOGS = YES;
				MACOSX_DEPLOYMENT_TARGET = 14.6;
				MTL_ENABLE_DEBUG_INFO = INCLUDE_SOURCE;
				MTL_FAST_MATH = YES;
				ONLY_ACTIVE_ARCH = YES;
				SDKROOT = macosx;
				SWIFT_ACTIVE_COMPILATION_CONDITIONS = "DEBUG $(inherited)";
				SWIFT_OPTIMIZATION_LEVEL = "-Onone";
			};
			name = Debug;
		};
		C4930C112CD54B0500D4A9E5 /* Release */ = {
			isa = XCBuildConfiguration;
			buildSettings = {
				ALWAYS_SEARCH_USER_PATHS = NO;
				ASSETCATALOG_COMPILER_GENERATE_SWIFT_ASSET_SYMBOL_EXTENSIONS = YES;
				CLANG_ANALYZER_NONNULL = YES;
				CLANG_ANALYZER_NUMBER_OBJECT_CONVERSION = YES_AGGRESSIVE;
				CLANG_CXX_LANGUAGE_STANDARD = "gnu++20";
				CLANG_ENABLE_MODULES = YES;
				CLANG_ENABLE_OBJC_ARC = YES;
				CLANG_ENABLE_OBJC_WEAK = YES;
				CLANG_WARN_BLOCK_CAPTURE_AUTORELEASING = YES;
				CLANG_WARN_BOOL_CONVERSION = YES;
				CLANG_WARN_COMMA = YES;
				CLANG_WARN_CONSTANT_CONVERSION = YES;
				CLANG_WARN_DEPRECATED_OBJC_IMPLEMENTATIONS = YES;
				CLANG_WARN_DIRECT_OBJC_ISA_USAGE = YES_ERROR;
				CLANG_WARN_DOCUMENTATION_COMMENTS = YES;
				CLANG_WARN_EMPTY_BODY = YES;
				CLANG_WARN_ENUM_CONVERSION = YES;
				CLANG_WARN_INFINITE_RECURSION = YES;
				CLANG_WARN_INT_CONVERSION = YES;
				CLANG_WARN_NON_LITERAL_NULL_CONVERSION = YES;
				CLANG_WARN_OBJC_IMPLICIT_RETAIN_SELF = YES;
				CLANG_WARN_OBJC_LITERAL_CONVERSION = YES;
				CLANG_WARN_OBJC_ROOT_CLASS = YES_ERROR;
				CLANG_WARN_QUOTED_INCLUDE_IN_FRAMEWORK_HEADER = YES;
				CLANG_WARN_RANGE_LOOP_ANALYSIS = YES;
				CLANG_WARN_STRICT_PROTOTYPES = YES;
				CLANG_WARN_SUSPICIOUS_MOVE = YES;
				CLANG_WARN_UNGUARDED_AVAILABILITY = YES_AGGRESSIVE;
				CLANG_WARN_UNREACHABLE_CODE = YES;
				CLANG_WARN__DUPLICATE_METHOD_MATCH = YES;
				COPY_PHASE_STRIP = NO;
				DEBUG_INFORMATION_FORMAT = "dwarf-with-dsym";
				ENABLE_NS_ASSERTIONS = NO;
				ENABLE_STRICT_OBJC_MSGSEND = YES;
				ENABLE_USER_SCRIPT_SANDBOXING = YES;
				GCC_C_LANGUAGE_STANDARD = gnu17;
				GCC_NO_COMMON_BLOCKS = YES;
				GCC_WARN_64_TO_32_BIT_CONVERSION = YES;
				GCC_WARN_ABOUT_RETURN_TYPE = YES_ERROR;
				GCC_WARN_UNDECLARED_SELECTOR = YES;
				GCC_WARN_UNINITIALIZED_AUTOS = YES_AGGRESSIVE;
				GCC_WARN_UNUSED_FUNCTION = YES;
				GCC_WARN_UNUSED_VARIABLE = YES;
				LOCALIZATION_PREFERS_STRING_CATALOGS = YES;
				MACOSX_DEPLOYMENT_TARGET = 14.6;
				MTL_ENABLE_DEBUG_INFO = NO;
				MTL_FAST_MATH = YES;
				SDKROOT = macosx;
				SWIFT_COMPILATION_MODE = wholemodule;
			};
			name = Release;
		};
		C4930C132CD54B0500D4A9E5 /* Debug */ = {
			isa = XCBuildConfiguration;
			buildSettings = {
				ASSETCATALOG_COMPILER_APPICON_NAME = AppIcon;
				ASSETCATALOG_COMPILER_GLOBAL_ACCENT_COLOR_NAME = AccentColor;
				CODE_SIGN_ENTITLEMENTS = "Cut List Mac/Cut_List_Mac.entitlements";
				CODE_SIGN_STYLE = Automatic;
				COMBINE_HIDPI_IMAGES = YES;
				CURRENT_PROJECT_VERSION = 1;
				DEVELOPMENT_ASSET_PATHS = "\"Cut List Mac/Preview Content\"";
				DEVELOPMENT_TEAM = 7D2TQ7LF39;
				ENABLE_HARDENED_RUNTIME = YES;
				ENABLE_PREVIEWS = YES;
				GENERATE_INFOPLIST_FILE = YES;
				INFOPLIST_KEY_NSHumanReadableCopyright = "";
				LD_RUNPATH_SEARCH_PATHS = (
					"$(inherited)",
					"@executable_path/../Frameworks",
				);
				MARKETING_VERSION = 1.0;
				PRODUCT_BUNDLE_IDENTIFIER = "com.hunsuckers-culinary-and-lifestyle.Cut-List-Mac";
				PRODUCT_NAME = "$(TARGET_NAME)";
				SWIFT_EMIT_LOC_STRINGS = YES;
				SWIFT_VERSION = 5.0;
			};
			name = Debug;
		};
		C4930C142CD54B0500D4A9E5 /* Release */ = {
			isa = XCBuildConfiguration;
			buildSettings = {
				ASSETCATALOG_COMPILER_APPICON_NAME = AppIcon;
				ASSETCATALOG_COMPILER_GLOBAL_ACCENT_COLOR_NAME = AccentColor;
				CODE_SIGN_ENTITLEMENTS = "Cut List Mac/Cut_List_Mac.entitlements";
				CODE_SIGN_STYLE = Automatic;
				COMBINE_HIDPI_IMAGES = YES;
				CURRENT_PROJECT_VERSION = 1;
				DEVELOPMENT_ASSET_PATHS = "\"Cut List Mac/Preview Content\"";
				DEVELOPMENT_TEAM = 7D2TQ7LF39;
				ENABLE_HARDENED_RUNTIME = YES;
				ENABLE_PREVIEWS = YES;
				GENERATE_INFOPLIST_FILE = YES;
				INFOPLIST_KEY_NSHumanReadableCopyright = "";
				LD_RUNPATH_SEARCH_PATHS = (
					"$(inherited)",
					"@executable_path/../Frameworks",
				);
				MARKETING_VERSION = 1.0;
				PRODUCT_BUNDLE_IDENTIFIER = "com.hunsuckers-culinary-and-lifestyle.Cut-List-Mac";
				PRODUCT_NAME = "$(TARGET_NAME)";
				SWIFT_EMIT_LOC_STRINGS = YES;
				SWIFT_VERSION = 5.0;
			};
			name = Release;
		};
		C4930C162CD54B0500D4A9E5 /* Debug */ = {
			isa = XCBuildConfiguration;
			buildSettings = {
				BUNDLE_LOADER = "$(TEST_HOST)";
				CODE_SIGN_STYLE = Automatic;
				CURRENT_PROJECT_VERSION = 1;
				DEVELOPMENT_TEAM = 7D2TQ7LF39;
				GENERATE_INFOPLIST_FILE = YES;
				MACOSX_DEPLOYMENT_TARGET = 14.6;
				MARKETING_VERSION = 1.0;
				PRODUCT_BUNDLE_IDENTIFIER = "com.hunsuckers-culinary-and-lifestyle.Cut-List-MacTests";
				PRODUCT_NAME = "$(TARGET_NAME)";
				SWIFT_EMIT_LOC_STRINGS = NO;
				SWIFT_VERSION = 5.0;
				TEST_HOST = "$(BUILT_PRODUCTS_DIR)/Cut List Mac.app/$(BUNDLE_EXECUTABLE_FOLDER_PATH)/Cut List Mac";
			};
			name = Debug;
		};
		C4930C172CD54B0500D4A9E5 /* Release */ = {
			isa = XCBuildConfiguration;
			buildSettings = {
				BUNDLE_LOADER = "$(TEST_HOST)";
				CODE_SIGN_STYLE = Automatic;
				CURRENT_PROJECT_VERSION = 1;
				DEVELOPMENT_TEAM = 7D2TQ7LF39;
				GENERATE_INFOPLIST_FILE = YES;
				MACOSX_DEPLOYMENT_TARGET = 14.6;
				MARKETING_VERSION = 1.0;
				PRODUCT_BUNDLE_IDENTIFIER = "com.hunsuckers-culinary-and-lifestyle.Cut-List-MacTests";
				PRODUCT_NAME = "$(TARGET_NAME)";
				SWIFT_EMIT_LOC_STRINGS = NO;
				SWIFT_VERSION = 5.0;
				TEST_HOST = "$(BUILT_PRODUCTS_DIR)/Cut List Mac.app/$(BUNDLE_EXECUTABLE_FOLDER_PATH)/Cut List Mac";
			};
			name = Release;
		};
		C4930C192CD54B0500D4A9E5 /* Debug */ = {
			isa = XCBuildConfiguration;
			buildSettings = {
				CODE_SIGN_STYLE = Automatic;
				CURRENT_PROJECT_VERSION = 1;
				DEVELOPMENT_TEAM = 7D2TQ7LF39;
				GENERATE_INFOPLIST_FILE = YES;
				MARKETING_VERSION = 1.0;
				PRODUCT_BUNDLE_IDENTIFIER = "com.hunsuckers-culinary-and-lifestyle.Cut-List-MacUITests";
				PRODUCT_NAME = "$(TARGET_NAME)";
				SWIFT_EMIT_LOC_STRINGS = NO;
				SWIFT_VERSION = 5.0;
				TEST_TARGET_NAME = "Cut List Mac";
			};
			name = Debug;
		};
		C4930C1A2CD54B0500D4A9E5 /* Release */ = {
			isa = XCBuildConfiguration;
			buildSettings = {
				CODE_SIGN_STYLE = Automatic;
				CURRENT_PROJECT_VERSION = 1;
				DEVELOPMENT_TEAM = 7D2TQ7LF39;
				GENERATE_INFOPLIST_FILE = YES;
				MARKETING_VERSION = 1.0;
				PRODUCT_BUNDLE_IDENTIFIER = "com.hunsuckers-culinary-and-lifestyle.Cut-List-MacUITests";
				PRODUCT_NAME = "$(TARGET_NAME)";
				SWIFT_EMIT_LOC_STRINGS = NO;
				SWIFT_VERSION = 5.0;
				TEST_TARGET_NAME = "Cut List Mac";
			};
			name = Release;
		};
/* End XCBuildConfiguration section */

/* Begin XCConfigurationList section */
		C4930BE82CD54B0500D4A9E5 /* Build configuration list for PBXProject "Cut List Mac" */ = {
			isa = XCConfigurationList;
			buildConfigurations = (
				C4930C102CD54B0500D4A9E5 /* Debug */,
				C4930C112CD54B0500D4A9E5 /* Release */,
			);
			defaultConfigurationIsVisible = 0;
			defaultConfigurationName = Release;
		};
		C4930C122CD54B0500D4A9E5 /* Build configuration list for PBXNativeTarget "Cut List Mac" */ = {
			isa = XCConfigurationList;
			buildConfigurations = (
				C4930C132CD54B0500D4A9E5 /* Debug */,
				C4930C142CD54B0500D4A9E5 /* Release */,
			);
			defaultConfigurationIsVisible = 0;
			defaultConfigurationName = Release;
		};
		C4930C152CD54B0500D4A9E5 /* Build configuration list for PBXNativeTarget "Cut List MacTests" */ = {
			isa = XCConfigurationList;
			buildConfigurations = (
				C4930C162CD54B0500D4A9E5 /* Debug */,
				C4930C172CD54B0500D4A9E5 /* Release */,
			);
			defaultConfigurationIsVisible = 0;
			defaultConfigurationName = Release;
		};
		C4930C182CD54B0500D4A9E5 /* Build configuration list for PBXNativeTarget "Cut List MacUITests" */ = {
			isa = XCConfigurationList;
			buildConfigurations = (
				C4930C192CD54B0500D4A9E5 /* Debug */,
				C4930C1A2CD54B0500D4A9E5 /* Release */,
			);
			defaultConfigurationIsVisible = 0;
			defaultConfigurationName = Release;
		};
/* End XCConfigurationList section */
	};
	rootObject = C4930BE52CD54B0500D4A9E5 /* Project object */;
}
